// !$*UTF8*$!
{
	archiveVersion = 1;
	classes = {
	};
	objectVersion = 77;
	objects = {

/* Begin PBXBuildFile section */
		9F80B23D2F24F24D0084ADF5 /* RevenueCat in Frameworks */ = {isa = PBXBuildFile; productRef = 9F80B2392F24F24D0084ADF5 /* RevenueCat */; };
		9F80B23F2F24F24D0084ADF5 /* yadg2.icon in Resources */ = {isa = PBXBuildFile; fileRef = 9FAC13B62EFACB61002F2549 /* yadg2.icon */; };
		9F80B2402F24F24D0084ADF5 /* yadg.icon in Resources */ = {isa = PBXBuildFile; fileRef = 9FAC13002EF61EAC002F2549 /* yadg.icon */; };
		9F8DBA342EDFA56A00EE086B /* RevenueCat in Frameworks */ = {isa = PBXBuildFile; productRef = 9F8DBA332EDFA56A00EE086B /* RevenueCat */; };
		9FAC13012EF61EAC002F2549 /* yadg.icon in Resources */ = {isa = PBXBuildFile; fileRef = 9FAC13002EF61EAC002F2549 /* yadg.icon */; };
		9FAC13B72EFACB61002F2549 /* yadg2.icon in Resources */ = {isa = PBXBuildFile; fileRef = 9FAC13B62EFACB61002F2549 /* yadg2.icon */; };
		9FAC19BD2F0F0D0C002F2549 /* README.md in Resources */ = {isa = PBXBuildFile; fileRef = 9FAC19BA2F0F0D0C002F2549 /* README.md */; };
		9FAC19BE2F0F0D0C002F2549 /* MomentRepositoryTests.swift in Sources */ = {isa = PBXBuildFile; fileRef = 9FAC19B42F0F0D0C002F2549 /* MomentRepositoryTests.swift */; };
		9FAC19BF2F0F0D0C002F2549 /* OfflineFirstFlowTests.swift in Sources */ = {isa = PBXBuildFile; fileRef = 9FAC19B12F0F0D0C002F2549 /* OfflineFirstFlowTests.swift */; };
		9FAC19C02F0F0D0C002F2549 /* MomentFixtures.swift in Sources */ = {isa = PBXBuildFile; fileRef = 9FAC19AE2F0F0D0C002F2549 /* MomentFixtures.swift */; };
		9FAC19C12F0F0D0C002F2549 /* MomentServiceTests.swift in Sources */ = {isa = PBXBuildFile; fileRef = 9FAC19B62F0F0D0C002F2549 /* MomentServiceTests.swift */; };
		9FAC19C22F0F0D0C002F2549 /* YouAreDoingGreatTests.swift in Sources */ = {isa = PBXBuildFile; fileRef = 9FAC19BB2F0F0D0C002F2549 /* YouAreDoingGreatTests.swift */; };
		9FAC19C32F0F0D0C002F2549 /* TestContainer.swift in Sources */ = {isa = PBXBuildFile; fileRef = 9FAC19AF2F0F0D0C002F2549 /* TestContainer.swift */; };
		9FAC19C42F0F0D0C002F2549 /* MomentsListViewModelTests.swift in Sources */ = {isa = PBXBuildFile; fileRef = 9FAC19B82F0F0D0C002F2549 /* MomentsListViewModelTests.swift */; };
		9FAC19C52F0F0D0C002F2549 /* MockAPIClient.swift in Sources */ = {isa = PBXBuildFile; fileRef = 9FAC19AD2F0F0D0C002F2549 /* MockAPIClient.swift */; };
/* End PBXBuildFile section */

/* Begin PBXContainerItemProxy section */
		9FAC19922F0F0CB9002F2549 /* PBXContainerItemProxy */ = {
			isa = PBXContainerItemProxy;
			containerPortal = 9F8506532ECBC90C000A97E7 /* Project object */;
			proxyType = 1;
			remoteGlobalIDString = 9F85065A2ECBC90C000A97E7;
			remoteInfo = YouAreDoingGreat;
		};
/* End PBXContainerItemProxy section */

/* Begin PBXFileReference section */
		9F80B2442F24F24D0084ADF5 /* YouAreDoingGreatDev.app */ = {isa = PBXFileReference; explicitFileType = wrapper.application; includeInIndex = 0; path = YouAreDoingGreatDev.app; sourceTree = BUILT_PRODUCTS_DIR; };
		9F80B2462F24F24D0084ADF5 /* YouAreDoingGreat copy-Info.plist */ = {isa = PBXFileReference; lastKnownFileType = text.plist.xml; name = "YouAreDoingGreat copy-Info.plist"; path = "/Users/yara5000/projects/my/you_are_doing_great/YouAreDoingGreat_ios/YouAreDoingGreat copy-Info.plist"; sourceTree = "<absolute>"; };
		9F85065B2ECBC90C000A97E7 /* YouAreDoingGreat.app */ = {isa = PBXFileReference; explicitFileType = wrapper.application; includeInIndex = 0; path = YouAreDoingGreat.app; sourceTree = BUILT_PRODUCTS_DIR; };
		9FAC13002EF61EAC002F2549 /* yadg.icon */ = {isa = PBXFileReference; lastKnownFileType = folder.iconcomposer.icon; path = yadg.icon; sourceTree = "<group>"; };
		9FAC13B62EFACB61002F2549 /* yadg2.icon */ = {isa = PBXFileReference; lastKnownFileType = folder.iconcomposer.icon; path = yadg2.icon; sourceTree = "<group>"; };
		9FAC198E2F0F0CB9002F2549 /* YouAreDoingGreatTests.xctest */ = {isa = PBXFileReference; explicitFileType = wrapper.cfbundle; includeInIndex = 0; path = YouAreDoingGreatTests.xctest; sourceTree = BUILT_PRODUCTS_DIR; };
		9FAC19AD2F0F0D0C002F2549 /* MockAPIClient.swift */ = {isa = PBXFileReference; lastKnownFileType = sourcecode.swift; path = MockAPIClient.swift; sourceTree = "<group>"; };
		9FAC19AE2F0F0D0C002F2549 /* MomentFixtures.swift */ = {isa = PBXFileReference; lastKnownFileType = sourcecode.swift; path = MomentFixtures.swift; sourceTree = "<group>"; };
		9FAC19AF2F0F0D0C002F2549 /* TestContainer.swift */ = {isa = PBXFileReference; lastKnownFileType = sourcecode.swift; path = TestContainer.swift; sourceTree = "<group>"; };
		9FAC19B12F0F0D0C002F2549 /* OfflineFirstFlowTests.swift */ = {isa = PBXFileReference; lastKnownFileType = sourcecode.swift; path = OfflineFirstFlowTests.swift; sourceTree = "<group>"; };
		9FAC19B42F0F0D0C002F2549 /* MomentRepositoryTests.swift */ = {isa = PBXFileReference; lastKnownFileType = sourcecode.swift; path = MomentRepositoryTests.swift; sourceTree = "<group>"; };
		9FAC19B62F0F0D0C002F2549 /* MomentServiceTests.swift */ = {isa = PBXFileReference; lastKnownFileType = sourcecode.swift; path = MomentServiceTests.swift; sourceTree = "<group>"; };
		9FAC19B82F0F0D0C002F2549 /* MomentsListViewModelTests.swift */ = {isa = PBXFileReference; lastKnownFileType = sourcecode.swift; path = MomentsListViewModelTests.swift; sourceTree = "<group>"; };
		9FAC19BA2F0F0D0C002F2549 /* README.md */ = {isa = PBXFileReference; lastKnownFileType = net.daringfireball.markdown; path = README.md; sourceTree = "<group>"; };
		9FAC19BB2F0F0D0C002F2549 /* YouAreDoingGreatTests.swift */ = {isa = PBXFileReference; lastKnownFileType = sourcecode.swift; path = YouAreDoingGreatTests.swift; sourceTree = "<group>"; };
/* End PBXFileReference section */

/* Begin PBXFileSystemSynchronizedBuildFileExceptionSet section */
		9F5479082ECE75B2007B7430 /* Exceptions for "YouAreDoingGreat" folder in "YouAreDoingGreat" target */ = {
			isa = PBXFileSystemSynchronizedBuildFileExceptionSet;
			membershipExceptions = (
				Info.plist,
			);
			target = 9F85065A2ECBC90C000A97E7 /* YouAreDoingGreat */;
		};
		9F80B2452F24F24D0084ADF5 /* Exceptions for "YouAreDoingGreat" folder in "YouAreDoingGreatDev" target */ = {
			isa = PBXFileSystemSynchronizedBuildFileExceptionSet;
			membershipExceptions = (
				Info.plist,
			);
			
			
			target = 9F80B2382F24F24D0084ADF5 /* YouAreDoingGreatDev */;
		};
/* End PBXFileSystemSynchronizedBuildFileExceptionSet section */

/* Begin PBXFileSystemSynchronizedRootGroup section */
		9F85065D2ECBC90C000A97E7 /* YouAreDoingGreat */ = {
			isa = PBXFileSystemSynchronizedRootGroup;
			exceptions = (
				9F5479082ECE75B2007B7430 /* Exceptions for "YouAreDoingGreat" folder in "YouAreDoingGreat" target */,
				9F80B2452F24F24D0084ADF5 /* Exceptions for "YouAreDoingGreat" folder in "YouAreDoingGreatDev" target */,
			);
			path = YouAreDoingGreat;
			sourceTree = "<group>";
		};
		9FAC198F2F0F0CB9002F2549 /* YouAreDoingGreatTests */ = {
			isa = PBXFileSystemSynchronizedRootGroup;
			path = YouAreDoingGreatTests;
			sourceTree = "<group>";
		};
/* End PBXFileSystemSynchronizedRootGroup section */

/* Begin PBXFrameworksBuildPhase section */
		9F80B23C2F24F24D0084ADF5 /* Frameworks */ = {
			isa = PBXFrameworksBuildPhase;
			buildActionMask = 2147483647;
			files = (
				9F80B23D2F24F24D0084ADF5 /* RevenueCat in Frameworks */,
			);
			runOnlyForDeploymentPostprocessing = 0;
		};
		9F8506582ECBC90C000A97E7 /* Frameworks */ = {
			isa = PBXFrameworksBuildPhase;
			buildActionMask = 2147483647;
			files = (
				9F8DBA342EDFA56A00EE086B /* RevenueCat in Frameworks */,
			);
			runOnlyForDeploymentPostprocessing = 0;
		};
		9FAC198B2F0F0CB9002F2549 /* Frameworks */ = {
			isa = PBXFrameworksBuildPhase;
			buildActionMask = 2147483647;
			files = (
			);
			runOnlyForDeploymentPostprocessing = 0;
		};
/* End PBXFrameworksBuildPhase section */

/* Begin PBXGroup section */
		9F8506522ECBC90C000A97E7 = {
			isa = PBXGroup;
			children = (
				9FAC19BC2F0F0D0C002F2549 /* YouAreDoingGreatTests */,
				9FAC13002EF61EAC002F2549 /* yadg.icon */,
				9F85065D2ECBC90C000A97E7 /* YouAreDoingGreat */,
				9FAC198F2F0F0CB9002F2549 /* YouAreDoingGreatTests */,
				9F8DBA322EDFA56A00EE086B /* Frameworks */,
				9F85065C2ECBC90C000A97E7 /* Products */,
				9FAC13B62EFACB61002F2549 /* yadg2.icon */,
				9F80B2462F24F24D0084ADF5 /* YouAreDoingGreat copy-Info.plist */,
			);
			sourceTree = "<group>";
		};
		9F85065C2ECBC90C000A97E7 /* Products */ = {
			isa = PBXGroup;
			children = (
				9F85065B2ECBC90C000A97E7 /* YouAreDoingGreat.app */,
				9FAC198E2F0F0CB9002F2549 /* YouAreDoingGreatTests.xctest */,
				9F80B2442F24F24D0084ADF5 /* YouAreDoingGreatDev.app */,
			);
			name = Products;
			sourceTree = "<group>";
		};
		9F8DBA322EDFA56A00EE086B /* Frameworks */ = {
			isa = PBXGroup;
			children = (
			);
			name = Frameworks;
			sourceTree = "<group>";
		};
		9FAC19B02F0F0D0C002F2549 /* Helpers */ = {
			isa = PBXGroup;
			children = (
				9FAC19AD2F0F0D0C002F2549 /* MockAPIClient.swift */,
				9FAC19AE2F0F0D0C002F2549 /* MomentFixtures.swift */,
				9FAC19AF2F0F0D0C002F2549 /* TestContainer.swift */,
			);
			path = Helpers;
			sourceTree = "<group>";
		};
		9FAC19B22F0F0D0C002F2549 /* Integration */ = {
			isa = PBXGroup;
			children = (
				9FAC19B12F0F0D0C002F2549 /* OfflineFirstFlowTests.swift */,
			);
			path = Integration;
			sourceTree = "<group>";
		};
		9FAC19B32F0F0D0C002F2549 /* Network */ = {
			isa = PBXGroup;
			children = (
			);
			path = Network;
			sourceTree = "<group>";
		};
		9FAC19B52F0F0D0C002F2549 /* Repositories */ = {
			isa = PBXGroup;
			children = (
				9FAC19B42F0F0D0C002F2549 /* MomentRepositoryTests.swift */,
			);
			path = Repositories;
			sourceTree = "<group>";
		};
		9FAC19B72F0F0D0C002F2549 /* Services */ = {
			isa = PBXGroup;
			children = (
				9FAC19B62F0F0D0C002F2549 /* MomentServiceTests.swift */,
			);
			path = Services;
			sourceTree = "<group>";
		};
		9FAC19B92F0F0D0C002F2549 /* ViewModels */ = {
			isa = PBXGroup;
			children = (
				9FAC19B82F0F0D0C002F2549 /* MomentsListViewModelTests.swift */,
			);
			path = ViewModels;
			sourceTree = "<group>";
		};
		9FAC19BC2F0F0D0C002F2549 /* YouAreDoingGreatTests */ = {
			isa = PBXGroup;
			children = (
				9FAC19B02F0F0D0C002F2549 /* Helpers */,
				9FAC19B22F0F0D0C002F2549 /* Integration */,
				9FAC19B32F0F0D0C002F2549 /* Network */,
				9FAC19B52F0F0D0C002F2549 /* Repositories */,
				9FAC19B72F0F0D0C002F2549 /* Services */,
				9FAC19B92F0F0D0C002F2549 /* ViewModels */,
				9FAC19BA2F0F0D0C002F2549 /* README.md */,
				9FAC19BB2F0F0D0C002F2549 /* YouAreDoingGreatTests.swift */,
			);
			path = YouAreDoingGreatTests;
			sourceTree = "<group>";
		};
/* End PBXGroup section */

/* Begin PBXNativeTarget section */
		9F80B2382F24F24D0084ADF5 /* YouAreDoingGreatDev */ = {
			isa = PBXNativeTarget;
			buildConfigurationList = 9F80B2412F24F24D0084ADF5 /* Build configuration list for PBXNativeTarget "YouAreDoingGreatDev" */;
			buildPhases = (
				9F80B23B2F24F24D0084ADF5 /* Sources */,
				9F80B23C2F24F24D0084ADF5 /* Frameworks */,
				9F80B23E2F24F24D0084ADF5 /* Resources */,
			);
			buildRules = (
			);
			dependencies = (
			);
			fileSystemSynchronizedGroups = (
				9F85065D2ECBC90C000A97E7 /* YouAreDoingGreat */,
			);
			name = YouAreDoingGreatDev;
			packageProductDependencies = (
				9F80B2392F24F24D0084ADF5 /* RevenueCat */,
			);
			productName = YouAreDoingGreat;
			productReference = 9F80B2442F24F24D0084ADF5 /* YouAreDoingGreatDev.app */;
			productType = "com.apple.product-type.application";
		};
		9F85065A2ECBC90C000A97E7 /* YouAreDoingGreat */ = {
			isa = PBXNativeTarget;
			buildConfigurationList = 9F8506662ECBC90D000A97E7 /* Build configuration list for PBXNativeTarget "YouAreDoingGreat" */;
			buildPhases = (
				9F8506572ECBC90C000A97E7 /* Sources */,
				9F8506582ECBC90C000A97E7 /* Frameworks */,
				9F8506592ECBC90C000A97E7 /* Resources */,
			);
			buildRules = (
			);
			dependencies = (
			);
			fileSystemSynchronizedGroups = (
				9F85065D2ECBC90C000A97E7 /* YouAreDoingGreat */,
			);
			name = YouAreDoingGreat;
			packageProductDependencies = (
				9F8DBA332EDFA56A00EE086B /* RevenueCat */,
			);
			productName = YouAreDoingGreat;
			productReference = 9F85065B2ECBC90C000A97E7 /* YouAreDoingGreat.app */;
			productType = "com.apple.product-type.application";
		};
		9FAC198D2F0F0CB9002F2549 /* YouAreDoingGreatTests */ = {
			isa = PBXNativeTarget;
			buildConfigurationList = 9FAC19942F0F0CB9002F2549 /* Build configuration list for PBXNativeTarget "YouAreDoingGreatTests" */;
			buildPhases = (
				9FAC198A2F0F0CB9002F2549 /* Sources */,
				9FAC198B2F0F0CB9002F2549 /* Frameworks */,
				9FAC198C2F0F0CB9002F2549 /* Resources */,
			);
			buildRules = (
			);
			dependencies = (
				9FAC19932F0F0CB9002F2549 /* PBXTargetDependency */,
			);
			fileSystemSynchronizedGroups = (
				9FAC198F2F0F0CB9002F2549 /* YouAreDoingGreatTests */,
			);
			name = YouAreDoingGreatTests;
			packageProductDependencies = (
			);
			productName = YouAreDoingGreatTests;
			productReference = 9FAC198E2F0F0CB9002F2549 /* YouAreDoingGreatTests.xctest */;
			productType = "com.apple.product-type.bundle.unit-test";
		};
/* End PBXNativeTarget section */

/* Begin PBXProject section */
		9F8506532ECBC90C000A97E7 /* Project object */ = {
			isa = PBXProject;
			attributes = {
				BuildIndependentTargetsInParallel = 1;
				LastSwiftUpdateCheck = 2610;
				LastUpgradeCheck = 2610;
				TargetAttributes = {
					9F85065A2ECBC90C000A97E7 = {
						CreatedOnToolsVersion = 26.1.1;
					};
					9FAC198D2F0F0CB9002F2549 = {
						CreatedOnToolsVersion = 26.1.1;
						TestTargetID = 9F85065A2ECBC90C000A97E7;
					};
				};
			};
			buildConfigurationList = 9F8506562ECBC90C000A97E7 /* Build configuration list for PBXProject "YouAreDoingGreat" */;
			developmentRegion = en;
			hasScannedForEncodings = 0;
			knownRegions = (
				en,
				Base,
			);
			mainGroup = 9F8506522ECBC90C000A97E7;
			minimizedProjectReferenceProxies = 1;
			packageReferences = (
				9F8DBA2D2EDFA3F000EE086B /* XCRemoteSwiftPackageReference "purchases-ios-spm" */,
			);
			preferredProjectObjectVersion = 77;
			productRefGroup = 9F85065C2ECBC90C000A97E7 /* Products */;
			projectDirPath = "";
			projectRoot = "";
			targets = (
				9F85065A2ECBC90C000A97E7 /* YouAreDoingGreat */,
				9FAC198D2F0F0CB9002F2549 /* YouAreDoingGreatTests */,
				9F80B2382F24F24D0084ADF5 /* YouAreDoingGreatDev */,
			);
		};
/* End PBXProject section */

/* Begin PBXResourcesBuildPhase section */
		9F80B23E2F24F24D0084ADF5 /* Resources */ = {
			isa = PBXResourcesBuildPhase;
			buildActionMask = 2147483647;
			files = (
				9F80B23F2F24F24D0084ADF5 /* yadg2.icon in Resources */,
				9F80B2402F24F24D0084ADF5 /* yadg.icon in Resources */,
			);
			runOnlyForDeploymentPostprocessing = 0;
		};
		9F8506592ECBC90C000A97E7 /* Resources */ = {
			isa = PBXResourcesBuildPhase;
			buildActionMask = 2147483647;
			files = (
				9FAC13B72EFACB61002F2549 /* yadg2.icon in Resources */,
				9FAC13012EF61EAC002F2549 /* yadg.icon in Resources */,
			);
			runOnlyForDeploymentPostprocessing = 0;
		};
		9FAC198C2F0F0CB9002F2549 /* Resources */ = {
			isa = PBXResourcesBuildPhase;
			buildActionMask = 2147483647;
			files = (
				9FAC19BD2F0F0D0C002F2549 /* README.md in Resources */,
			);
			runOnlyForDeploymentPostprocessing = 0;
		};
/* End PBXResourcesBuildPhase section */

/* Begin PBXSourcesBuildPhase section */
		9F80B23B2F24F24D0084ADF5 /* Sources */ = {
			isa = PBXSourcesBuildPhase;
			buildActionMask = 2147483647;
			files = (
			);
			runOnlyForDeploymentPostprocessing = 0;
		};
		9F8506572ECBC90C000A97E7 /* Sources */ = {
			isa = PBXSourcesBuildPhase;
			buildActionMask = 2147483647;
			files = (
			);
			runOnlyForDeploymentPostprocessing = 0;
		};
		9FAC198A2F0F0CB9002F2549 /* Sources */ = {
			isa = PBXSourcesBuildPhase;
			buildActionMask = 2147483647;
			files = (
				9FAC19BE2F0F0D0C002F2549 /* MomentRepositoryTests.swift in Sources */,
				9FAC19BF2F0F0D0C002F2549 /* OfflineFirstFlowTests.swift in Sources */,
				9FAC19C02F0F0D0C002F2549 /* MomentFixtures.swift in Sources */,
				9FAC19C12F0F0D0C002F2549 /* MomentServiceTests.swift in Sources */,
				9FAC19C22F0F0D0C002F2549 /* YouAreDoingGreatTests.swift in Sources */,
				9FAC19C32F0F0D0C002F2549 /* TestContainer.swift in Sources */,
				9FAC19C42F0F0D0C002F2549 /* MomentsListViewModelTests.swift in Sources */,
				9FAC19C52F0F0D0C002F2549 /* MockAPIClient.swift in Sources */,
			);
			runOnlyForDeploymentPostprocessing = 0;
		};
/* End PBXSourcesBuildPhase section */

/* Begin PBXTargetDependency section */
		9FAC19932F0F0CB9002F2549 /* PBXTargetDependency */ = {
			isa = PBXTargetDependency;
			target = 9F85065A2ECBC90C000A97E7 /* YouAreDoingGreat */;
			targetProxy = 9FAC19922F0F0CB9002F2549 /* PBXContainerItemProxy */;
		};
/* End PBXTargetDependency section */

/* Begin XCBuildConfiguration section */
		9F80B2422F24F24D0084ADF5 /* Debug */ = {
			isa = XCBuildConfiguration;
			buildSettings = {
				ASSETCATALOG_COMPILER_APPICON_NAME = yadg2;
				ASSETCATALOG_COMPILER_GLOBAL_ACCENT_COLOR_NAME = AccentColor;
				ASSETCATALOG_COMPILER_INCLUDE_ALL_APPICON_ASSETS = NO;
				CODE_SIGN_STYLE = Automatic;
				CURRENT_PROJECT_VERSION = 8;
				DEVELOPMENT_TEAM = W3U75T8JTH;
				ENABLE_PREVIEWS = YES;
				GENERATE_INFOPLIST_FILE = YES;
				INFOPLIST_FILE = "YouAreDoingGreat copy-Info.plist";
				INFOPLIST_KEY_CFBundleDisplayName = "Doing Great Dev";
				INFOPLIST_KEY_LSApplicationCategoryType = "public.app-category.healthcare-fitness";
				INFOPLIST_KEY_UIApplicationSceneManifest_Generation = YES;
				INFOPLIST_KEY_UIApplicationSupportsIndirectInputEvents = YES;
				INFOPLIST_KEY_UILaunchScreen_Generation = YES;
				INFOPLIST_KEY_UISupportedInterfaceOrientations = UIInterfaceOrientationPortrait;
				INFOPLIST_KEY_UISupportedInterfaceOrientations_iPad = "UIInterfaceOrientationLandscapeLeft UIInterfaceOrientationLandscapeRight UIInterfaceOrientationPortrait UIInterfaceOrientationPortraitUpsideDown";
				LD_RUNPATH_SEARCH_PATHS = (
					"$(inherited)",
					"@executable_path/Frameworks",
				);
				MARKETING_VERSION = 1.0.2;
				PRODUCT_BUNDLE_IDENTIFIER = "ee.required.you-are-doing-great.dev";
				PRODUCT_NAME = "$(TARGET_NAME)";
				STRING_CATALOG_GENERATE_SYMBOLS = YES;
				SUPPORTED_PLATFORMS = "iphoneos iphonesimulator";
				SUPPORTS_MACCATALYST = NO;
				SUPPORTS_MAC_DESIGNED_FOR_IPHONE_IPAD = NO;
				SUPPORTS_XR_DESIGNED_FOR_IPHONE_IPAD = NO;
				SWIFT_APPROACHABLE_CONCURRENCY = YES;
				SWIFT_DEFAULT_ACTOR_ISOLATION = MainActor;
				SWIFT_EMIT_LOC_STRINGS = YES;
				SWIFT_UPCOMING_FEATURE_MEMBER_IMPORT_VISIBILITY = YES;
				SWIFT_VERSION = 5.0;
				TARGETED_DEVICE_FAMILY = 1;
			};
			name = Debug;
		};
		9F80B2432F24F24D0084ADF5 /* Release */ = {
			isa = XCBuildConfiguration;
			buildSettings = {
				ASSETCATALOG_COMPILER_APPICON_NAME = yadg2;
				ASSETCATALOG_COMPILER_GLOBAL_ACCENT_COLOR_NAME = AccentColor;
				ASSETCATALOG_COMPILER_INCLUDE_ALL_APPICON_ASSETS = NO;
				CODE_SIGN_STYLE = Automatic;
				CURRENT_PROJECT_VERSION = 8;
				DEVELOPMENT_TEAM = W3U75T8JTH;
				ENABLE_PREVIEWS = YES;
				GENERATE_INFOPLIST_FILE = YES;
				INFOPLIST_FILE = "YouAreDoingGreat copy-Info.plist";
				INFOPLIST_KEY_CFBundleDisplayName = "Doing Great Dev";
				INFOPLIST_KEY_LSApplicationCategoryType = "public.app-category.healthcare-fitness";
				INFOPLIST_KEY_UIApplicationSceneManifest_Generation = YES;
				INFOPLIST_KEY_UIApplicationSupportsIndirectInputEvents = YES;
				INFOPLIST_KEY_UILaunchScreen_Generation = YES;
				INFOPLIST_KEY_UISupportedInterfaceOrientations = UIInterfaceOrientationPortrait;
				INFOPLIST_KEY_UISupportedInterfaceOrientations_iPad = "UIInterfaceOrientationLandscapeLeft UIInterfaceOrientationLandscapeRight UIInterfaceOrientationPortrait UIInterfaceOrientationPortraitUpsideDown";
				LD_RUNPATH_SEARCH_PATHS = (
					"$(inherited)",
					"@executable_path/Frameworks",
				);
				MARKETING_VERSION = 1.0.2;
				PRODUCT_BUNDLE_IDENTIFIER = "ee.required.you-are-doing-great.dev";
				PRODUCT_NAME = "$(TARGET_NAME)";
				STRING_CATALOG_GENERATE_SYMBOLS = YES;
				SUPPORTED_PLATFORMS = "iphoneos iphonesimulator";
				SUPPORTS_MACCATALYST = NO;
				SUPPORTS_MAC_DESIGNED_FOR_IPHONE_IPAD = NO;
				SUPPORTS_XR_DESIGNED_FOR_IPHONE_IPAD = NO;
				SWIFT_APPROACHABLE_CONCURRENCY = YES;
				SWIFT_DEFAULT_ACTOR_ISOLATION = MainActor;
				SWIFT_EMIT_LOC_STRINGS = YES;
				SWIFT_UPCOMING_FEATURE_MEMBER_IMPORT_VISIBILITY = YES;
				SWIFT_VERSION = 5.0;
				TARGETED_DEVICE_FAMILY = 1;
			};
			name = Release;
		};
		9F8506642ECBC90D000A97E7 /* Debug */ = {
			isa = XCBuildConfiguration;
			buildSettings = {
				ALWAYS_SEARCH_USER_PATHS = NO;
				ASSETCATALOG_COMPILER_GENERATE_SWIFT_ASSET_SYMBOL_EXTENSIONS = YES;
				CLANG_ANALYZER_NONNULL = YES;
				CLANG_ANALYZER_NUMBER_OBJECT_CONVERSION = YES_AGGRESSIVE;
				CLANG_CXX_LANGUAGE_STANDARD = "gnu++20";
				CLANG_ENABLE_MODULES = YES;
				CLANG_ENABLE_OBJC_ARC = YES;
				CLANG_ENABLE_OBJC_WEAK = YES;
				CLANG_WARN_BLOCK_CAPTURE_AUTORELEASING = YES;
				CLANG_WARN_BOOL_CONVERSION = YES;
				CLANG_WARN_COMMA = YES;
				CLANG_WARN_CONSTANT_CONVERSION = YES;
				CLANG_WARN_DEPRECATED_OBJC_IMPLEMENTATIONS = YES;
				CLANG_WARN_DIRECT_OBJC_ISA_USAGE = YES_ERROR;
				CLANG_WARN_DOCUMENTATION_COMMENTS = YES;
				CLANG_WARN_EMPTY_BODY = YES;
				CLANG_WARN_ENUM_CONVERSION = YES;
				CLANG_WARN_INFINITE_RECURSION = YES;
				CLANG_WARN_INT_CONVERSION = YES;
				CLANG_WARN_NON_LITERAL_NULL_CONVERSION = YES;
				CLANG_WARN_OBJC_IMPLICIT_RETAIN_SELF = YES;
				CLANG_WARN_OBJC_LITERAL_CONVERSION = YES;
				CLANG_WARN_OBJC_ROOT_CLASS = YES_ERROR;
				CLANG_WARN_QUOTED_INCLUDE_IN_FRAMEWORK_HEADER = YES;
				CLANG_WARN_RANGE_LOOP_ANALYSIS = YES;
				CLANG_WARN_STRICT_PROTOTYPES = YES;
				CLANG_WARN_SUSPICIOUS_MOVE = YES;
				CLANG_WARN_UNGUARDED_AVAILABILITY = YES_AGGRESSIVE;
				CLANG_WARN_UNREACHABLE_CODE = YES;
				CLANG_WARN__DUPLICATE_METHOD_MATCH = YES;
				COPY_PHASE_STRIP = NO;
				DEBUG_INFORMATION_FORMAT = dwarf;
				DEVELOPMENT_TEAM = W3U75T8JTH;
				ENABLE_STRICT_OBJC_MSGSEND = YES;
				ENABLE_TESTABILITY = YES;
				ENABLE_USER_SCRIPT_SANDBOXING = YES;
				GCC_C_LANGUAGE_STANDARD = gnu17;
				GCC_DYNAMIC_NO_PIC = NO;
				GCC_NO_COMMON_BLOCKS = YES;
				GCC_OPTIMIZATION_LEVEL = 0;
				GCC_PREPROCESSOR_DEFINITIONS = (
					"DEBUG=1",
					"$(inherited)",
				);
				GCC_WARN_64_TO_32_BIT_CONVERSION = YES;
				GCC_WARN_ABOUT_RETURN_TYPE = YES_ERROR;
				GCC_WARN_UNDECLARED_SELECTOR = YES;
				GCC_WARN_UNINITIALIZED_AUTOS = YES_AGGRESSIVE;
				GCC_WARN_UNUSED_FUNCTION = YES;
				GCC_WARN_UNUSED_VARIABLE = YES;
				IPHONEOS_DEPLOYMENT_TARGET = 18.0;
				LOCALIZATION_PREFERS_STRING_CATALOGS = YES;
				MTL_ENABLE_DEBUG_INFO = INCLUDE_SOURCE;
				MTL_FAST_MATH = YES;
				ONLY_ACTIVE_ARCH = YES;
				SDKROOT = iphoneos;
				SWIFT_ACTIVE_COMPILATION_CONDITIONS = "DEBUG $(inherited)";
				SWIFT_OPTIMIZATION_LEVEL = "-Onone";
			};
			name = Debug;
		};
		9F8506652ECBC90D000A97E7 /* Release */ = {
			isa = XCBuildConfiguration;
			buildSettings = {
				ALWAYS_SEARCH_USER_PATHS = NO;
				ASSETCATALOG_COMPILER_GENERATE_SWIFT_ASSET_SYMBOL_EXTENSIONS = YES;
				CLANG_ANALYZER_NONNULL = YES;
				CLANG_ANALYZER_NUMBER_OBJECT_CONVERSION = YES_AGGRESSIVE;
				CLANG_CXX_LANGUAGE_STANDARD = "gnu++20";
				CLANG_ENABLE_MODULES = YES;
				CLANG_ENABLE_OBJC_ARC = YES;
				CLANG_ENABLE_OBJC_WEAK = YES;
				CLANG_WARN_BLOCK_CAPTURE_AUTORELEASING = YES;
				CLANG_WARN_BOOL_CONVERSION = YES;
				CLANG_WARN_COMMA = YES;
				CLANG_WARN_CONSTANT_CONVERSION = YES;
				CLANG_WARN_DEPRECATED_OBJC_IMPLEMENTATIONS = YES;
				CLANG_WARN_DIRECT_OBJC_ISA_USAGE = YES_ERROR;
				CLANG_WARN_DOCUMENTATION_COMMENTS = YES;
				CLANG_WARN_EMPTY_BODY = YES;
				CLANG_WARN_ENUM_CONVERSION = YES;
				CLANG_WARN_INFINITE_RECURSION = YES;
				CLANG_WARN_INT_CONVERSION = YES;
				CLANG_WARN_NON_LITERAL_NULL_CONVERSION = YES;
				CLANG_WARN_OBJC_IMPLICIT_RETAIN_SELF = YES;
				CLANG_WARN_OBJC_LITERAL_CONVERSION = YES;
				CLANG_WARN_OBJC_ROOT_CLASS = YES_ERROR;
				CLANG_WARN_QUOTED_INCLUDE_IN_FRAMEWORK_HEADER = YES;
				CLANG_WARN_RANGE_LOOP_ANALYSIS = YES;
				CLANG_WARN_STRICT_PROTOTYPES = YES;
				CLANG_WARN_SUSPICIOUS_MOVE = YES;
				CLANG_WARN_UNGUARDED_AVAILABILITY = YES_AGGRESSIVE;
				CLANG_WARN_UNREACHABLE_CODE = YES;
				CLANG_WARN__DUPLICATE_METHOD_MATCH = YES;
				COPY_PHASE_STRIP = NO;
				DEBUG_INFORMATION_FORMAT = "dwarf-with-dsym";
				DEVELOPMENT_TEAM = W3U75T8JTH;
				ENABLE_NS_ASSERTIONS = NO;
				ENABLE_STRICT_OBJC_MSGSEND = YES;
				ENABLE_USER_SCRIPT_SANDBOXING = YES;
				GCC_C_LANGUAGE_STANDARD = gnu17;
				GCC_NO_COMMON_BLOCKS = YES;
				GCC_WARN_64_TO_32_BIT_CONVERSION = YES;
				GCC_WARN_ABOUT_RETURN_TYPE = YES_ERROR;
				GCC_WARN_UNDECLARED_SELECTOR = YES;
				GCC_WARN_UNINITIALIZED_AUTOS = YES_AGGRESSIVE;
				GCC_WARN_UNUSED_FUNCTION = YES;
				GCC_WARN_UNUSED_VARIABLE = YES;
				IPHONEOS_DEPLOYMENT_TARGET = 18.0;
				LOCALIZATION_PREFERS_STRING_CATALOGS = YES;
				MTL_ENABLE_DEBUG_INFO = NO;
				MTL_FAST_MATH = YES;
				SDKROOT = iphoneos;
				SWIFT_COMPILATION_MODE = wholemodule;
				VALIDATE_PRODUCT = YES;
			};
			name = Release;
		};
		9F8506672ECBC90D000A97E7 /* Debug */ = {
			isa = XCBuildConfiguration;
			buildSettings = {
				ASSETCATALOG_COMPILER_APPICON_NAME = yadg2;
				ASSETCATALOG_COMPILER_GLOBAL_ACCENT_COLOR_NAME = AccentColor;
				ASSETCATALOG_COMPILER_INCLUDE_ALL_APPICON_ASSETS = NO;
				CODE_SIGN_STYLE = Automatic;
				CURRENT_PROJECT_VERSION = 8;
				DEVELOPMENT_TEAM = W3U75T8JTH;
				ENABLE_PREVIEWS = YES;
				GENERATE_INFOPLIST_FILE = YES;
				INFOPLIST_FILE = YouAreDoingGreat/Info.plist;
				INFOPLIST_KEY_CFBundleDisplayName = "Doing Great";
				INFOPLIST_KEY_LSApplicationCategoryType = "public.app-category.healthcare-fitness";
				INFOPLIST_KEY_UIApplicationSceneManifest_Generation = YES;
				INFOPLIST_KEY_UIApplicationSupportsIndirectInputEvents = YES;
				INFOPLIST_KEY_UILaunchScreen_Generation = YES;
				INFOPLIST_KEY_UISupportedInterfaceOrientations = UIInterfaceOrientationPortrait;
				INFOPLIST_KEY_UISupportedInterfaceOrientations_iPad = "UIInterfaceOrientationLandscapeLeft UIInterfaceOrientationLandscapeRight UIInterfaceOrientationPortrait UIInterfaceOrientationPortraitUpsideDown";
				LD_RUNPATH_SEARCH_PATHS = (
					"$(inherited)",
					"@executable_path/Frameworks",
				);
				MARKETING_VERSION = 1.0.2;
				PRODUCT_BUNDLE_IDENTIFIER = "ee.required.you-are-doing-great";
				PRODUCT_NAME = "$(TARGET_NAME)";
				STRING_CATALOG_GENERATE_SYMBOLS = YES;
				SUPPORTED_PLATFORMS = "iphoneos iphonesimulator";
				SUPPORTS_MACCATALYST = NO;
				SUPPORTS_MAC_DESIGNED_FOR_IPHONE_IPAD = NO;
				SUPPORTS_XR_DESIGNED_FOR_IPHONE_IPAD = NO;
				SWIFT_APPROACHABLE_CONCURRENCY = YES;
				SWIFT_DEFAULT_ACTOR_ISOLATION = MainActor;
				SWIFT_EMIT_LOC_STRINGS = YES;
				SWIFT_UPCOMING_FEATURE_MEMBER_IMPORT_VISIBILITY = YES;
				SWIFT_VERSION = 5.0;
				TARGETED_DEVICE_FAMILY = 1;
			};
			name = Debug;
		};
		9F8506682ECBC90D000A97E7 /* Release */ = {
			isa = XCBuildConfiguration;
			buildSettings = {
				ASSETCATALOG_COMPILER_APPICON_NAME = yadg2;
				ASSETCATALOG_COMPILER_GLOBAL_ACCENT_COLOR_NAME = AccentColor;
				ASSETCATALOG_COMPILER_INCLUDE_ALL_APPICON_ASSETS = NO;
				CODE_SIGN_STYLE = Automatic;
				CURRENT_PROJECT_VERSION = 8;
				DEVELOPMENT_TEAM = W3U75T8JTH;
				ENABLE_PREVIEWS = YES;
				GENERATE_INFOPLIST_FILE = YES;
				INFOPLIST_FILE = YouAreDoingGreat/Info.plist;
				INFOPLIST_KEY_CFBundleDisplayName = "Doing Great";
				INFOPLIST_KEY_LSApplicationCategoryType = "public.app-category.healthcare-fitness";
				INFOPLIST_KEY_UIApplicationSceneManifest_Generation = YES;
				INFOPLIST_KEY_UIApplicationSupportsIndirectInputEvents = YES;
				INFOPLIST_KEY_UILaunchScreen_Generation = YES;
				INFOPLIST_KEY_UISupportedInterfaceOrientations = UIInterfaceOrientationPortrait;
				INFOPLIST_KEY_UISupportedInterfaceOrientations_iPad = "UIInterfaceOrientationLandscapeLeft UIInterfaceOrientationLandscapeRight UIInterfaceOrientationPortrait UIInterfaceOrientationPortraitUpsideDown";
				LD_RUNPATH_SEARCH_PATHS = (
					"$(inherited)",
					"@executable_path/Frameworks",
				);
				MARKETING_VERSION = 1.0.2;
				PRODUCT_BUNDLE_IDENTIFIER = "ee.required.you-are-doing-great";
				PRODUCT_NAME = "$(TARGET_NAME)";
				STRING_CATALOG_GENERATE_SYMBOLS = YES;
				SUPPORTED_PLATFORMS = "iphoneos iphonesimulator";
				SUPPORTS_MACCATALYST = NO;
				SUPPORTS_MAC_DESIGNED_FOR_IPHONE_IPAD = NO;
				SUPPORTS_XR_DESIGNED_FOR_IPHONE_IPAD = NO;
				SWIFT_APPROACHABLE_CONCURRENCY = YES;
				SWIFT_DEFAULT_ACTOR_ISOLATION = MainActor;
				SWIFT_EMIT_LOC_STRINGS = YES;
				SWIFT_UPCOMING_FEATURE_MEMBER_IMPORT_VISIBILITY = YES;
				SWIFT_VERSION = 5.0;
				TARGETED_DEVICE_FAMILY = 1;
			};
			name = Release;
		};
		9FAC19952F0F0CB9002F2549 /* Debug */ = {
			isa = XCBuildConfiguration;
			buildSettings = {
				BUNDLE_LOADER = "$(TEST_HOST)";
				CODE_SIGN_STYLE = Automatic;
				CURRENT_PROJECT_VERSION = 1;
				DEVELOPMENT_TEAM = W3U75T8JTH;
				GENERATE_INFOPLIST_FILE = YES;
				MARKETING_VERSION = 1.0;
				PRODUCT_BUNDLE_IDENTIFIER = ee.required.YouAreDoingGreatTests;
				PRODUCT_NAME = "$(TARGET_NAME)";
				STRING_CATALOG_GENERATE_SYMBOLS = NO;
				SWIFT_APPROACHABLE_CONCURRENCY = YES;
				SWIFT_EMIT_LOC_STRINGS = NO;
				SWIFT_UPCOMING_FEATURE_MEMBER_IMPORT_VISIBILITY = YES;
				SWIFT_VERSION = 5.0;
				TARGETED_DEVICE_FAMILY = "1,2";
				TEST_HOST = "$(BUILT_PRODUCTS_DIR)/YouAreDoingGreat.app/$(BUNDLE_EXECUTABLE_FOLDER_PATH)/YouAreDoingGreat";
			};
			name = Debug;
		};
		9FAC19962F0F0CB9002F2549 /* Release */ = {
			isa = XCBuildConfiguration;
			buildSettings = {
				BUNDLE_LOADER = "$(TEST_HOST)";
				CODE_SIGN_STYLE = Automatic;
				CURRENT_PROJECT_VERSION = 1;
				DEVELOPMENT_TEAM = W3U75T8JTH;
				GENERATE_INFOPLIST_FILE = YES;
				MARKETING_VERSION = 1.0;
				PRODUCT_BUNDLE_IDENTIFIER = ee.required.YouAreDoingGreatTests;
				PRODUCT_NAME = "$(TARGET_NAME)";
				STRING_CATALOG_GENERATE_SYMBOLS = NO;
				SWIFT_APPROACHABLE_CONCURRENCY = YES;
				SWIFT_EMIT_LOC_STRINGS = NO;
				SWIFT_UPCOMING_FEATURE_MEMBER_IMPORT_VISIBILITY = YES;
				SWIFT_VERSION = 5.0;
				TARGETED_DEVICE_FAMILY = "1,2";
				TEST_HOST = "$(BUILT_PRODUCTS_DIR)/YouAreDoingGreat.app/$(BUNDLE_EXECUTABLE_FOLDER_PATH)/YouAreDoingGreat";
			};
			name = Release;
		};
/* End XCBuildConfiguration section */

/* Begin XCConfigurationList section */
		9F80B2412F24F24D0084ADF5 /* Build configuration list for PBXNativeTarget "YouAreDoingGreatDev" */ = {
			isa = XCConfigurationList;
			buildConfigurations = (
				9F80B2422F24F24D0084ADF5 /* Debug */,
				9F80B2432F24F24D0084ADF5 /* Release */,
			);
			defaultConfigurationIsVisible = 0;
			defaultConfigurationName = Release;
		};
		9F8506562ECBC90C000A97E7 /* Build configuration list for PBXProject "YouAreDoingGreat" */ = {
			isa = XCConfigurationList;
			buildConfigurations = (
				9F8506642ECBC90D000A97E7 /* Debug */,
				9F8506652ECBC90D000A97E7 /* Release */,
			);
			defaultConfigurationIsVisible = 0;
			defaultConfigurationName = Release;
		};
		9F8506662ECBC90D000A97E7 /* Build configuration list for PBXNativeTarget "YouAreDoingGreat" */ = {
			isa = XCConfigurationList;
			buildConfigurations = (
				9F8506672ECBC90D000A97E7 /* Debug */,
				9F8506682ECBC90D000A97E7 /* Release */,
			);
			defaultConfigurationIsVisible = 0;
			defaultConfigurationName = Release;
		};
		9FAC19942F0F0CB9002F2549 /* Build configuration list for PBXNativeTarget "YouAreDoingGreatTests" */ = {
			isa = XCConfigurationList;
			buildConfigurations = (
				9FAC19952F0F0CB9002F2549 /* Debug */,
				9FAC19962F0F0CB9002F2549 /* Release */,
			);
			defaultConfigurationIsVisible = 0;
			defaultConfigurationName = Release;
		};
/* End XCConfigurationList section */

/* Begin XCRemoteSwiftPackageReference section */
		9F80B23A2F24F24D0084ADF5 /* XCRemoteSwiftPackageReference "purchases-ios-spm" */ = {
			isa = XCRemoteSwiftPackageReference;
			repositoryURL = "https://github.com/RevenueCat/purchases-ios-spm";
			requirement = {
				kind = upToNextMajorVersion;
				minimumVersion = 5.49.2;
			};
		};
		9F8DBA2D2EDFA3F000EE086B /* XCRemoteSwiftPackageReference "purchases-ios-spm" */ = {
			isa = XCRemoteSwiftPackageReference;
			repositoryURL = "https://github.com/RevenueCat/purchases-ios-spm";
			requirement = {
				kind = upToNextMajorVersion;
				minimumVersion = 5.49.2;
			};
		};
/* End XCRemoteSwiftPackageReference section */

/* Begin XCSwiftPackageProductDependency section */
		9F80B2392F24F24D0084ADF5 /* RevenueCat */ = {
			isa = XCSwiftPackageProductDependency;
			package = 9F80B23A2F24F24D0084ADF5 /* XCRemoteSwiftPackageReference "purchases-ios-spm" */;
			productName = RevenueCat;
		};
		9F8DBA332EDFA56A00EE086B /* RevenueCat */ = {
			isa = XCSwiftPackageProductDependency;
			package = 9F8DBA2D2EDFA3F000EE086B /* XCRemoteSwiftPackageReference "purchases-ios-spm" */;
			productName = RevenueCat;
		};
/* End XCSwiftPackageProductDependency section */
	};
	rootObject = 9F8506532ECBC90C000A97E7 /* Project object */;
}
